
Microsoft Visual Studio Solution File, Format Version 12.00
# Visual Studio Version 17
VisualStudioVersion = 17.11.35222.181
MinimumVisualStudioVersion = 10.0.40219.1
Project("{FAE04EC0-301F-11D3-BF4B-00C04F79EFBC}") = "16-09-24 biblioteca", "16-09-24 biblioteca\16-09-24 biblioteca.csproj", "{7260D7FE-E26E-4B11-A0D1-73E2B389676D}"
EndProject
Global
	GlobalSection(SolutionConfigurationPlatforms) = preSolution
		Debug|Any CPU = Debug|Any CPU
		Release|Any CPU = Release|Any CPU
	EndGlobalSection
	GlobalSection(ProjectConfigurationPlatforms) = postSolution
		{7260D7FE-E26E-4B11-A0D1-73E2B389676D}.Debug|Any CPU.ActiveCfg = Debug|Any CPU
		{7260D7FE-E26E-4B11-A0D1-73E2B389676D}.Debug|Any CPU.Build.0 = Debug|Any CPU
		{7260D7FE-E26E-4B11-A0D1-73E2B389676D}.Release|Any CPU.ActiveCfg = Release|Any CPU
		{7260D7FE-E26E-4B11-A0D1-73E2B389676D}.Release|Any CPU.Build.0 = Release|Any CPU
	EndGlobalSection
	GlobalSection(SolutionProperties) = preSolution
		HideSolutionNode = FALSE
	EndGlobalSection
	GlobalSection(ExtensibilityGlobals) = postSolution
		SolutionGuid = {A55E5DA9-D437-4AB5-8E04-F885A08BAD42}
	EndGlobalSection
EndGlobal
